<?xml version="1.0" encoding="utf-8"?>
<Project ToolsVersion="4.0" xmlns="http://schemas.microsoft.com/developer/msbuild/2003">
  <ItemGroup>
    <ClCompile Include="D3DHook\d3dhook.cpp" />
    <ClCompile Include="D3DHook\d3drender.cpp" />
    <ClCompile Include="Main\main.cpp" />
    <ClCompile Include="ImGuı\imgui_demo.cpp" />
    <ClCompile Include="ImGuı\imgui_draw.cpp" />
    <ClCompile Include="ImGuı\imgui_tables.cpp" />
    <ClCompile Include="ImGuı\imgui_widgets.cpp" />
    <ClCompile Include="ImGuı\imgui.cpp" />
    <ClCompile Include="ImGuı\TextEditor.cpp" />
    <ClCompile Include="ImGuı\imgui_impl_win32.cpp" />
    <ClCompile Include="ImGuı\imgui_impl_dx9.cpp" />
    <ClCompile Include="Menu\Menu.cpp" />
    <ClCompile Include="Hooks\Hook.cpp" />
    <ClCompile Include="Hooks\FindSignature.cpp" />
    <ClCompile Include="Visuals\ESP.cpp" />
    <ClCompile Include="GTA_Functions\GTA_Functions.cpp" />
    <ClCompile Include="RakNet\HookedRakClient.cpp" />
    <ClCompile Include="RakNet\BitStream.cpp" />
    <ClCompile Include="RakNet\RakClient.cpp" />
    <ClCompile Include="CallHook\ccallhook.cpp" />
    <ClCompile Include="CallHook\cshortasm.cpp" />
    <ClCompile Include="CallHook\memsafe.cpp" />
    <ClCompile Include="Aimbot\SilentAim.cpp" />
  </ItemGroup>
  <ItemGroup>
    <ClInclude Include="D3DHook\d3dhook.h" />
    <ClInclude Include="D3DHook\d3drender.h" />
    <ClInclude Include="Librarys\detours.h" />
    <ClInclude Include="Main\main.h" />
    <ClInclude Include="ImGuı\imgui_internal.h" />
    <ClInclude Include="ImGuı\imstb_rectpack.h" />
    <ClInclude Include="ImGuı\imstb_textedit.h" />
    <ClInclude Include="ImGuı\imstb_truetype.h" />
    <ClInclude Include="ImGuı\imconfig.h" />
    <ClInclude Include="ImGuı\imgui.h" />
    <ClInclude Include="ImGuı\TextEditor.h" />
    <ClInclude Include="Menu\Menu.h" />
    <ClInclude Include="ImGuı\imgui_impl_dx9.h" />
    <ClInclude Include="ImGuı\imgui_impl_win32.h" />
    <ClInclude Include="Hooks\Hook.h" />
    <ClInclude Include="Librarys\MinHook.h" />
    <ClInclude Include="Hooks\FindSignature.h" />
    <ClInclude Include="Visuals\ESP.h" />
    <ClInclude Include="GTA_Functions\GTA_Functions.h" />
    <ClInclude Include="RakNet\HookedRakClient.h" />
    <ClInclude Include="RakNet\BitStream.h" />
    <ClInclude Include="RakNet\RakClient.h" />
    <ClInclude Include="Visuals\CClientEntity.h" />
    <ClInclude Include="Memory\xorstr.hpp" />
    <ClInclude Include="IDA\defs.h" />
    <ClInclude Include="Mta_SDK\CDuplicateLineFilter.h" />
    <ClInclude Include="Mta_SDK\CFastList.h" />
    <ClInclude Include="Mta_SDK\CMtaVersion.h" />
    <ClInclude Include="Mta_SDK\Common.h" />
    <ClInclude Include="Mta_SDK\core\CExceptionInformation.h" />
    <ClInclude Include="Mta_SDK\core\CModManager.h" />
    <ClInclude Include="Mta_SDK\core\CServerInterface.h" />
    <ClInclude Include="Mta_SDK\MTAPlatform.h" />
    <ClInclude Include="Mta_SDK\net\bitstream.h" />
    <ClInclude Include="Mta_SDK\net\CNetHTTPDownloadManagerInterface.h" />
    <ClInclude Include="Mta_SDK\net\CNetServer.h" />
    <ClInclude Include="Mta_SDK\net\ns_common.h" />
    <ClInclude Include="Mta_SDK\net\ns_playerid.h" />
    <ClInclude Include="Mta_SDK\net\packetenums.h" />
    <ClInclude Include="Mta_SDK\net\Packets.h" />
    <ClInclude Include="Mta_SDK\SharedUtil.AllocTracking.h" />
    <ClInclude Include="Mta_SDK\SharedUtil.AllocTracking.hpp" />
    <ClInclude Include="Mta_SDK\SharedUtil.AsyncTaskScheduler.h" />
    <ClInclude Include="Mta_SDK\SharedUtil.AsyncTaskScheduler.hpp" />
    <ClInclude Include="Mta_SDK\SharedUtil.Buffer.h" />
    <ClInclude Include="Mta_SDK\SharedUtil.ClassIdent.h" />
    <ClInclude Include="Mta_SDK\SharedUtil.Defines.h" />
    <ClInclude Include="Mta_SDK\SharedUtil.File.h" />
    <ClInclude Include="Mta_SDK\SharedUtil.File.hpp" />
    <ClInclude Include="Mta_SDK\SharedUtil.Game.h" />
    <ClInclude Include="Mta_SDK\SharedUtil.Game.hpp" />
    <ClInclude Include="Mta_SDK\SharedUtil.h" />
    <ClInclude Include="Mta_SDK\SharedUtil.Hash.h" />
    <ClInclude Include="Mta_SDK\SharedUtil.Hash.hpp" />
    <ClInclude Include="Mta_SDK\SharedUtil.IntTypes.h" />
    <ClInclude Include="Mta_SDK\SharedUtil.Legacy.h" />
    <ClInclude Include="Mta_SDK\SharedUtil.Logging.h" />
    <ClInclude Include="Mta_SDK\SharedUtil.Logging.hpp" />
    <ClInclude Include="Mta_SDK\SharedUtil.Map.h" />
    <ClInclude Include="Mta_SDK\SharedUtil.Math.h" />
    <ClInclude Include="Mta_SDK\SharedUtil.Misc.h" />
    <ClInclude Include="Mta_SDK\SharedUtil.Profiling.h" />
    <ClInclude Include="Mta_SDK\SharedUtil.Profiling.hpp" />
    <ClInclude Include="Mta_SDK\SharedUtil.ThreadPool.h" />
    <ClInclude Include="Mta_SDK\SharedUtil.Time.h" />
    <ClInclude Include="Mta_SDK\SharedUtil.Time.hpp" />
    <ClInclude Include="Mta_SDK\SString.h" />
    <ClInclude Include="Mta_SDK\SString.hpp" />
    <ClInclude Include="Mta_SDK\WString.h" />
    <ClInclude Include="Mta_SDK\WString.hpp" />
    <ClInclude Include="Mta_SDK\xml\CXML.h" />
    <ClInclude Include="Mta_SDK\network\CNet.h" />
    <ClInclude Include="Aimbot\SilentAim.h" />
    <ClInclude Include="CallHook\callfunc.hpp" />
    <ClInclude Include="CallHook\ccallhook.h" />
    <ClInclude Include="CallHook\cshortasm.h" />
    <ClInclude Include="CallHook\fn2void.hpp" />
    <ClInclude Include="CallHook\memsafe.h" />
  </ItemGroup>
  <ItemGroup>
    <Library Include="Librarys\detours.lib" />
    <Library Include="Librarys\libMinHook.x86.lib" />
  </ItemGroup>
</Project>